version = 1
revision = 1
requires-python = "==3.13.*"

[[package]]
name = "annotated-types"
version = "0.7.0"
source = { registry = "https://pypi.org/simple" }
sdist = { url = "https://files.pythonhosted.org/packages/ee/67/531ea369ba64dcff5ec9c3402f9f51bf748cec26dde048a2f973a4eea7f5/annotated_types-0.7.0.tar.gz", hash = "sha256:aff07c09a53a08bc8cfccb9c85b05f1aa9a2a6f23728d790723543408344ce89", size = 16081 }
wheels = [
    { url = "https://files.pythonhosted.org/packages/78/b6/6307fbef88d9b5ee7421e68d78a9f162e0da4900bc5f5793f6d3d0e34fb8/annotated_types-0.7.0-py3-none-any.whl", hash = "sha256:1f02e8b43a8fbbc3f3e0d4f0f4bfc8131bcb4eebe8849b8e5c773f3a1c582a53", size = 13643 },
]

[[package]]
name = "anyio"
version = "4.11.0"
source = { registry = "https://pypi.org/simple" }
dependencies = [
    { name = "idna" },
    { name = "sniffio" },
]
sdist = { url = "https://files.pythonhosted.org/packages/c6/78/7d432127c41b50bccba979505f272c16cbcadcc33645d5fa3a738110ae75/anyio-4.11.0.tar.gz", hash = "sha256:82a8d0b81e318cc5ce71a5f1f8b5c4e63619620b63141ef8c995fa0db95a57c4", size = 219094 }
wheels = [
    { url = "https://files.pythonhosted.org/packages/15/b3/9b1a8074496371342ec1e796a96f99c82c945a339cd81a8e73de28b4cf9e/anyio-4.11.0-py3-none-any.whl", hash = "sha256:0287e96f4d26d4149305414d4e3bc32f0dcd0862365a4bddea19d7a1ec38c4fc", size = 109097 },
]

[[package]]
name = "certifi"
version = "2025.10.5"
source = { registry = "https://pypi.org/simple" }
sdist = { url = "https://files.pythonhosted.org/packages/4c/5b/b6ce21586237c77ce67d01dc5507039d444b630dd76611bbca2d8e5dcd91/certifi-2025.10.5.tar.gz", hash = "sha256:47c09d31ccf2acf0be3f701ea53595ee7e0b8fa08801c6624be771df09ae7b43", size = 164519 }
wheels = [
    { url = "https://files.pythonhosted.org/packages/e4/37/af0d2ef3967ac0d6113837b44a4f0bfe1328c2b9763bd5b1744520e5cfed/certifi-2025.10.5-py3-none-any.whl", hash = "sha256:0f212c2744a9bb6de0c56639a6f68afe01ecd92d91f14ae897c4fe7bbeeef0de", size = 163286 },
]

[[package]]
name = "h11"
version = "0.16.0"
source = { registry = "https://pypi.org/simple" }
sdist = { url = "https://files.pythonhosted.org/packages/01/ee/02a2c011bdab74c6fb3c75474d40b3052059d95df7e73351460c8588d963/h11-0.16.0.tar.gz", hash = "sha256:4e35b956cf45792e4caa5885e69fba00bdbc6ffafbfa020300e549b208ee5ff1", size = 101250 }
wheels = [
    { url = "https://files.pythonhosted.org/packages/04/4b/29cac41a4d98d144bf5f6d33995617b185d14b22401f75ca86f384e87ff1/h11-0.16.0-py3-none-any.whl", hash = "sha256:63cf8bbe7522de3bf65932fda1d9c2772064ffb3dae62d55932da54b31cb6c86", size = 37515 },
]

[[package]]
name = "httpcore"
version = "1.0.9"
source = { registry = "https://pypi.org/simple" }
dependencies = [
    { name = "certifi" },
    { name = "h11" },
]
sdist = { url = "https://files.pythonhosted.org/packages/06/94/82699a10bca87a5556c9c59b5963f2d039dbd239f25bc2a63907a05a14cb/httpcore-1.0.9.tar.gz", hash = "sha256:6e34463af53fd2ab5d807f399a9b45ea31c3dfa2276f15a2c3f00afff6e176e8", size = 85484 }
wheels = [
    { url = "https://files.pythonhosted.org/packages/7e/f5/f66802a942d491edb555dd61e3a9961140fd64c90bce1eafd741609d334d/httpcore-1.0.9-py3-none-any.whl", hash = "sha256:2d400746a40668fc9dec9810239072b40b4484b640a8c38fd654a024c7a1bf55", size = 78784 },
]

[[package]]
name = "httpx"
version = "0.28.1"
source = { registry = "https://pypi.org/simple" }
dependencies = [
    { name = "anyio" },
    { name = "certifi" },
    { name = "httpcore" },
    { name = "idna" },
]
sdist = { url = "https://files.pythonhosted.org/packages/b1/df/48c586a5fe32a0f01324ee087459e112ebb7224f646c0b5023f5e79e9956/httpx-0.28.1.tar.gz", hash = "sha256:75e98c5f16b0f35b567856f597f06ff2270a374470a5c2392242528e3e3e42fc", size = 141406 }
wheels = [
    { url = "https://files.pythonhosted.org/packages/2a/39/e50c7c3a983047577ee07d2a9e53faf5a69493943ec3f6a384bdc792deb2/httpx-0.28.1-py3-none-any.whl", hash = "sha256:d909fcccc110f8c7faf814ca82a9a4d816bc5a6dbfea25d6591d6985b8ba59ad", size = 73517 },
]

[[package]]
name = "idna"
version = "3.10"
source = { registry = "https://pypi.org/simple" }
sdist = { url = "https://files.pythonhosted.org/packages/f1/70/7703c29685631f5a7590aa73f1f1d3fa9a380e654b86af429e0934a32f7d/idna-3.10.tar.gz", hash = "sha256:12f65c9b470abda6dc35cf8e63cc574b1c52b11df2c86030af0ac09b01b13ea9", size = 190490 }
wheels = [
    { url = "https://files.pythonhosted.org/packages/76/c6/c88e154df9c4e1a2a66ccf0005a88dfb2650c1dffb6f5ce603dfbd452ce3/idna-3.10-py3-none-any.whl", hash = "sha256:946d195a0d259cbba61165e88e65941f16e9b36ea6ddb97f00452bae8b1287d3", size = 70442 },
]

[[package]]
name = "linkify-it-py"
version = "2.0.3"
source = { registry = "https://pypi.org/simple" }
dependencies = [
    { name = "uc-micro-py" },
]
sdist = { url = "https://files.pythonhosted.org/packages/2a/ae/bb56c6828e4797ba5a4821eec7c43b8bf40f69cda4d4f5f8c8a2810ec96a/linkify-it-py-2.0.3.tar.gz", hash = "sha256:68cda27e162e9215c17d786649d1da0021a451bdc436ef9e0fa0ba5234b9b048", size = 27946 }
wheels = [
    { url = "https://files.pythonhosted.org/packages/04/1e/b832de447dee8b582cac175871d2f6c3d5077cc56d5575cadba1fd1cccfa/linkify_it_py-2.0.3-py3-none-any.whl", hash = "sha256:6bcbc417b0ac14323382aef5c5192c0075bf8a9d6b41820a2b66371eac6b6d79", size = 19820 },
]

[[package]]
name = "markdown-it-py"
version = "4.0.0"
source = { registry = "https://pypi.org/simple" }
dependencies = [
    { name = "mdurl" },
]
sdist = { url = "https://files.pythonhosted.org/packages/5b/f5/4ec618ed16cc4f8fb3b701563655a69816155e79e24a17b651541804721d/markdown_it_py-4.0.0.tar.gz", hash = "sha256:cb0a2b4aa34f932c007117b194e945bd74e0ec24133ceb5bac59009cda1cb9f3", size = 73070 }
wheels = [
    { url = "https://files.pythonhosted.org/packages/94/54/e7d793b573f298e1c9013b8c4dade17d481164aa517d1d7148619c2cedbf/markdown_it_py-4.0.0-py3-none-any.whl", hash = "sha256:87327c59b172c5011896038353a81343b6754500a08cd7a4973bb48c6d578147", size = 87321 },
]

[package.optional-dependencies]
linkify = [
    { name = "linkify-it-py" },
]
plugins = [
    { name = "mdit-py-plugins" },
]

[[package]]
name = "mdit-py-plugins"
version = "0.5.0"
source = { registry = "https://pypi.org/simple" }
dependencies = [
    { name = "markdown-it-py" },
]
sdist = { url = "https://files.pythonhosted.org/packages/b2/fd/a756d36c0bfba5f6e39a1cdbdbfdd448dc02692467d83816dff4592a1ebc/mdit_py_plugins-0.5.0.tar.gz", hash = "sha256:f4918cb50119f50446560513a8e311d574ff6aaed72606ddae6d35716fe809c6", size = 44655 }
wheels = [
    { url = "https://files.pythonhosted.org/packages/fb/86/dd6e5db36df29e76c7a7699123569a4a18c1623ce68d826ed96c62643cae/mdit_py_plugins-0.5.0-py3-none-any.whl", hash = "sha256:07a08422fc1936a5d26d146759e9155ea466e842f5ab2f7d2266dd084c8dab1f", size = 57205 },
]

[[package]]
name = "mdurl"
version = "0.1.2"
source = { registry = "https://pypi.org/simple" }
sdist = { url = "https://files.pythonhosted.org/packages/d6/54/cfe61301667036ec958cb99bd3efefba235e65cdeb9c84d24a8293ba1d90/mdurl-0.1.2.tar.gz", hash = "sha256:bb413d29f5eea38f31dd4754dd7377d4465116fb207585f97bf925588687c1ba", size = 8729 }
wheels = [
    { url = "https://files.pythonhosted.org/packages/b3/38/89ba8ad64ae25be8de66a6d463314cf1eb366222074cfda9ee839c56a4b4/mdurl-0.1.2-py3-none-any.whl", hash = "sha256:84008a41e51615a49fc9966191ff91509e3c40b939176e643fd50a5c2196b8f8", size = 9979 },
]

[[package]]
name = "platformdirs"
version = "4.5.0"
source = { registry = "https://pypi.org/simple" }
sdist = { url = "https://files.pythonhosted.org/packages/61/33/9611380c2bdb1225fdef633e2a9610622310fed35ab11dac9620972ee088/platformdirs-4.5.0.tar.gz", hash = "sha256:70ddccdd7c99fc5942e9fc25636a8b34d04c24b335100223152c2803e4063312", size = 21632 }
wheels = [
    { url = "https://files.pythonhosted.org/packages/73/cb/ac7874b3e5d58441674fb70742e6c374b28b0c7cb988d37d991cde47166c/platformdirs-4.5.0-py3-none-any.whl", hash = "sha256:e578a81bb873cbb89a41fcc904c7ef523cc18284b7e3b3ccf06aca1403b7ebd3", size = 18651 },
]

[[package]]
name = "pydantic"
version = "2.12.0"
source = { registry = "https://pypi.org/simple" }
dependencies = [
    { name = "annotated-types" },
    { name = "pydantic-core" },
    { name = "typing-extensions" },
    { name = "typing-inspection" },
]
sdist = { url = "https://files.pythonhosted.org/packages/c3/da/b8a7ee04378a53f6fefefc0c5e05570a3ebfdfa0523a878bcd3b475683ee/pydantic-2.12.0.tar.gz", hash = "sha256:c1a077e6270dbfb37bfd8b498b3981e2bb18f68103720e51fa6c306a5a9af563", size = 814760 }
wheels = [
    { url = "https://files.pythonhosted.org/packages/f4/9d/d5c855424e2e5b6b626fbc6ec514d8e655a600377ce283008b115abb7445/pydantic-2.12.0-py3-none-any.whl", hash = "sha256:f6a1da352d42790537e95e83a8bdfb91c7efbae63ffd0b86fa823899e807116f", size = 459730 },
]

[[package]]
name = "pydantic-core"
version = "2.41.1"
source = { registry = "https://pypi.org/simple" }
dependencies = [
    { name = "typing-extensions" },
]
sdist = { url = "https://files.pythonhosted.org/packages/7d/14/12b4a0d2b0b10d8e1d9a24ad94e7bbb43335eaf29c0c4e57860e8a30734a/pydantic_core-2.41.1.tar.gz", hash = "sha256:1ad375859a6d8c356b7704ec0f547a58e82ee80bb41baa811ad710e124bc8f2f", size = 454870 }
wheels = [
    { url = "https://files.pythonhosted.org/packages/27/8a/6d54198536a90a37807d31a156642aae7a8e1263ed9fe6fc6245defe9332/pydantic_core-2.41.1-cp313-cp313-macosx_10_12_x86_64.whl", hash = "sha256:70e790fce5f05204ef4403159857bfcd587779da78627b0babb3654f75361ebf", size = 2105825 },
    { url = "https://files.pythonhosted.org/packages/4f/2e/4784fd7b22ac9c8439db25bf98ffed6853d01e7e560a346e8af821776ccc/pydantic_core-2.41.1-cp313-cp313-macosx_11_0_arm64.whl", hash = "sha256:9cebf1ca35f10930612d60bd0f78adfacee824c30a880e3534ba02c207cceceb", size = 1910126 },
    { url = "https://files.pythonhosted.org/packages/f3/92/31eb0748059ba5bd0aa708fb4bab9fcb211461ddcf9e90702a6542f22d0d/pydantic_core-2.41.1-cp313-cp313-manylinux_2_17_aarch64.manylinux2014_aarch64.whl", hash = "sha256:170406a37a5bc82c22c3274616bf6f17cc7df9c4a0a0a50449e559cb755db669", size = 1961472 },
    { url = "https://files.pythonhosted.org/packages/ab/91/946527792275b5c4c7dde4cfa3e81241bf6900e9fee74fb1ba43e0c0f1ab/pydantic_core-2.41.1-cp313-cp313-manylinux_2_17_armv7l.manylinux2014_armv7l.whl", hash = "sha256:12d4257fc9187a0ccd41b8b327d6a4e57281ab75e11dda66a9148ef2e1fb712f", size = 2063230 },
    { url = "https://files.pythonhosted.org/packages/31/5d/a35c5d7b414e5c0749f1d9f0d159ee2ef4bab313f499692896b918014ee3/pydantic_core-2.41.1-cp313-cp313-manylinux_2_17_ppc64le.manylinux2014_ppc64le.whl", hash = "sha256:a75a33b4db105dd1c8d57839e17ee12db8d5ad18209e792fa325dbb4baeb00f4", size = 2229469 },
    { url = "https://files.pythonhosted.org/packages/21/4d/8713737c689afa57ecfefe38db78259d4484c97aa494979e6a9d19662584/pydantic_core-2.41.1-cp313-cp313-manylinux_2_17_s390x.manylinux2014_s390x.whl", hash = "sha256:08a589f850803a74e0fcb16a72081cafb0d72a3cdda500106942b07e76b7bf62", size = 2347986 },
    { url = "https://files.pythonhosted.org/packages/f6/ec/929f9a3a5ed5cda767081494bacd32f783e707a690ce6eeb5e0730ec4986/pydantic_core-2.41.1-cp313-cp313-manylinux_2_17_x86_64.manylinux2014_x86_64.whl", hash = "sha256:7a97939d6ea44763c456bd8a617ceada2c9b96bb5b8ab3dfa0d0827df7619014", size = 2072216 },
    { url = "https://files.pythonhosted.org/packages/26/55/a33f459d4f9cc8786d9db42795dbecc84fa724b290d7d71ddc3d7155d46a/pydantic_core-2.41.1-cp313-cp313-manylinux_2_5_i686.manylinux1_i686.whl", hash = "sha256:d2ae423c65c556f09569524b80ffd11babff61f33055ef9773d7c9fabc11ed8d", size = 2193047 },
    { url = "https://files.pythonhosted.org/packages/77/af/d5c6959f8b089f2185760a2779079e3c2c411bfc70ea6111f58367851629/pydantic_core-2.41.1-cp313-cp313-musllinux_1_1_aarch64.whl", hash = "sha256:4dc703015fbf8764d6a8001c327a87f1823b7328d40b47ce6000c65918ad2b4f", size = 2140613 },
    { url = "https://files.pythonhosted.org/packages/58/e5/2c19bd2a14bffe7fabcf00efbfbd3ac430aaec5271b504a938ff019ac7be/pydantic_core-2.41.1-cp313-cp313-musllinux_1_1_armv7l.whl", hash = "sha256:968e4ffdfd35698a5fe659e5e44c508b53664870a8e61c8f9d24d3d145d30257", size = 2327641 },
    { url = "https://files.pythonhosted.org/packages/93/ef/e0870ccda798c54e6b100aff3c4d49df5458fd64217e860cb9c3b0a403f4/pydantic_core-2.41.1-cp313-cp313-musllinux_1_1_x86_64.whl", hash = "sha256:fff2b76c8e172d34771cd4d4f0ade08072385310f214f823b5a6ad4006890d32", size = 2318229 },
    { url = "https://files.pythonhosted.org/packages/b1/4b/c3b991d95f5deb24d0bd52e47bcf716098fa1afe0ce2d4bd3125b38566ba/pydantic_core-2.41.1-cp313-cp313-win32.whl", hash = "sha256:a38a5263185407ceb599f2f035faf4589d57e73c7146d64f10577f6449e8171d", size = 1997911 },
    { url = "https://files.pythonhosted.org/packages/a7/ce/5c316fd62e01f8d6be1b7ee6b54273214e871772997dc2c95e204997a055/pydantic_core-2.41.1-cp313-cp313-win_amd64.whl", hash = "sha256:b42ae7fd6760782c975897e1fdc810f483b021b32245b0105d40f6e7a3803e4b", size = 2034301 },
    { url = "https://files.pythonhosted.org/packages/29/41/902640cfd6a6523194123e2c3373c60f19006447f2fb06f76de4e8466c5b/pydantic_core-2.41.1-cp313-cp313-win_arm64.whl", hash = "sha256:ad4111acc63b7384e205c27a2f15e23ac0ee21a9d77ad6f2e9cb516ec90965fb", size = 1977238 },
    { url = "https://files.pythonhosted.org/packages/04/04/28b040e88c1b89d851278478842f0bdf39c7a05da9e850333c6c8cbe7dfa/pydantic_core-2.41.1-cp313-cp313t-macosx_11_0_arm64.whl", hash = "sha256:440d0df7415b50084a4ba9d870480c16c5f67c0d1d4d5119e3f70925533a0edc", size = 1875626 },
    { url = "https://files.pythonhosted.org/packages/d6/58/b41dd3087505220bb58bc81be8c3e8cbc037f5710cd3c838f44f90bdd704/pydantic_core-2.41.1-cp313-cp313t-manylinux_2_17_x86_64.manylinux2014_x86_64.whl", hash = "sha256:71eaa38d342099405dae6484216dcf1e8e4b0bebd9b44a4e08c9b43db6a2ab67", size = 2045708 },
    { url = "https://files.pythonhosted.org/packages/d7/b8/760f23754e40bf6c65b94a69b22c394c24058a0ef7e2aa471d2e39219c1a/pydantic_core-2.41.1-cp313-cp313t-win_amd64.whl", hash = "sha256:555ecf7e50f1161d3f693bc49f23c82cf6cdeafc71fa37a06120772a09a38795", size = 1997171 },
]

[[package]]
name = "pygments"
version = "2.19.2"
source = { registry = "https://pypi.org/simple" }
sdist = { url = "https://files.pythonhosted.org/packages/b0/77/a5b8c569bf593b0140bde72ea885a803b82086995367bf2037de0159d924/pygments-2.19.2.tar.gz", hash = "sha256:636cb2477cec7f8952536970bc533bc43743542f70392ae026374600add5b887", size = 4968631 }
wheels = [
    { url = "https://files.pythonhosted.org/packages/c7/21/705964c7812476f378728bdf590ca4b771ec72385c533964653c68e86bdc/pygments-2.19.2-py3-none-any.whl", hash = "sha256:86540386c03d588bb81d44bc3928634ff26449851e99741617ecb9037ee5ec0b", size = 1225217 },
]

[[package]]
name = "rich"
version = "14.2.0"
source = { registry = "https://pypi.org/simple" }
dependencies = [
    { name = "markdown-it-py" },
    { name = "pygments" },
]
sdist = { url = "https://files.pythonhosted.org/packages/fb/d2/8920e102050a0de7bfabeb4c4614a49248cf8d5d7a8d01885fbb24dc767a/rich-14.2.0.tar.gz", hash = "sha256:73ff50c7c0c1c77c8243079283f4edb376f0f6442433aecb8ce7e6d0b92d1fe4", size = 219990 }
wheels = [
    { url = "https://files.pythonhosted.org/packages/25/7a/b0178788f8dc6cafce37a212c99565fa1fe7872c70c6c9c1e1a372d9d88f/rich-14.2.0-py3-none-any.whl", hash = "sha256:76bc51fe2e57d2b1be1f96c524b890b816e334ab4c1e45888799bfaab0021edd", size = 243393 },
]

[[package]]
name = "sniffio"
version = "1.3.1"
source = { registry = "https://pypi.org/simple" }
sdist = { url = "https://files.pythonhosted.org/packages/a2/87/a6771e1546d97e7e041b6ae58d80074f81b7d5121207425c964ddf5cfdbd/sniffio-1.3.1.tar.gz", hash = "sha256:f4324edc670a0f49750a81b895f35c3adb843cca46f0530f79fc1babb23789dc", size = 20372 }
wheels = [
    { url = "https://files.pythonhosted.org/packages/e9/44/75a9c9421471a6c4805dbf2356f7c181a29c1879239abab1ea2cc8f38b40/sniffio-1.3.1-py3-none-any.whl", hash = "sha256:2f6da418d1f1e0fddd844478f41680e794e6051915791a034ff65e5f100525a2", size = 10235 },
]

[[package]]
name = "textual"
version = "6.2.1"
source = { registry = "https://pypi.org/simple" }
dependencies = [
    { name = "markdown-it-py", extra = ["linkify", "plugins"] },
    { name = "platformdirs" },
    { name = "pygments" },
    { name = "rich" },
    { name = "typing-extensions" },
]
sdist = { url = "https://files.pythonhosted.org/packages/a2/30/38b615f7d4b16f6fdd73e4dcd8913e2d880bbb655e68a076e3d91181a7ee/textual-6.2.1.tar.gz", hash = "sha256:4699d8dfae43503b9c417bd2a6fb0da1c89e323fe91c4baa012f9298acaa83e1", size = 1570645 }
wheels = [
    { url = "https://files.pythonhosted.org/packages/c5/93/02c7adec57a594af28388d85da9972703a4af94ae1399542555cd9581952/textual-6.2.1-py3-none-any.whl", hash = "sha256:3c7190633cd4d8bfe6049ae66808b98da91ded2edb85cef54e82bf77b03d2a54", size = 710702 },
]

[[package]]
name = "tui"
version = "0.1.0"
source = { virtual = "." }
dependencies = [
    { name = "httpx" },
    { name = "pydantic" },
    { name = "rich" },
    { name = "textual" },
]

[package.metadata]
requires-dist = [
    { name = "httpx", specifier = ">=0.28.0,<0.29.0" },
    { name = "pydantic", specifier = "==2.12.0,<2.13.0" },
    { name = "rich", specifier = ">=14.2.0,<14.3.0" },
    { name = "textual", specifier = ">=6.2.1,<6.3.0" },
]

[[package]]
name = "typing-extensions"
version = "4.15.0"
source = { registry = "https://pypi.org/simple" }
sdist = { url = "https://files.pythonhosted.org/packages/72/94/1a15dd82efb362ac84269196e94cf00f187f7ed21c242792a923cdb1c61f/typing_extensions-4.15.0.tar.gz", hash = "sha256:0cea48d173cc12fa28ecabc3b837ea3cf6f38c6d1136f85cbaaf598984861466", size = 109391 }
wheels = [
    { url = "https://files.pythonhosted.org/packages/18/67/36e9267722cc04a6b9f15c7f3441c2363321a3ea07da7ae0c0707beb2a9c/typing_extensions-4.15.0-py3-none-any.whl", hash = "sha256:f0fa19c6845758ab08074a0cfa8b7aecb71c999ca73d62883bc25cc018c4e548", size = 44614 },
]

[[package]]
name = "typing-inspection"
version = "0.4.2"
source = { registry = "https://pypi.org/simple" }
dependencies = [
    { name = "typing-extensions" },
]
sdist = { url = "https://files.pythonhosted.org/packages/55/e3/70399cb7dd41c10ac53367ae42139cf4b1ca5f36bb3dc6c9d33acdb43655/typing_inspection-0.4.2.tar.gz", hash = "sha256:ba561c48a67c5958007083d386c3295464928b01faa735ab8547c5692e87f464", size = 75949 }
wheels = [
    { url = "https://files.pythonhosted.org/packages/dc/9b/47798a6c91d8bdb567fe2698fe81e0c6b7cb7ef4d13da4114b41d239f65d/typing_inspection-0.4.2-py3-none-any.whl", hash = "sha256:4ed1cacbdc298c220f1bd249ed5287caa16f34d44ef4e9c3d0cbad5b521545e7", size = 14611 },
]

[[package]]
name = "uc-micro-py"
version = "1.0.3"
source = { registry = "https://pypi.org/simple" }
sdist = { url = "https://files.pythonhosted.org/packages/91/7a/146a99696aee0609e3712f2b44c6274566bc368dfe8375191278045186b8/uc-micro-py-1.0.3.tar.gz", hash = "sha256:d321b92cff673ec58027c04015fcaa8bb1e005478643ff4a500882eaab88c48a", size = 6043 }
wheels = [
    { url = "https://files.pythonhosted.org/packages/37/87/1f677586e8ac487e29672e4b17455758fce261de06a0d086167bb760361a/uc_micro_py-1.0.3-py3-none-any.whl", hash = "sha256:db1dffff340817673d7b466ec86114a9dc0e9d4d9b5ba229d9d60e5c12600cd5", size = 6229 },
]
