[[package]]
name = "python3"
version = "3.11.13"

[[package]]
name = "certifi"
version = "2025.07.14"

[[package]]
name = "charset-normalizer"
version = "3.4.2"

[[package]]
name = "deprecated"
version = "1.2.18"

[[package]]
name = "dill"
version = "0.4.0"

[[package]]
name = "fa_purity"
version = "2.5.0"

[[package]]
name = "idna"
version = "3.10"

[[package]]
name = "more-itertools"
version = "10.7.0"

[[package]]
name = "multiprocess"
version = "0.70.18"

[[package]]
name = "pathos"
version = "0.3.4"

[[package]]
name = "pox"
version = "0.3.6"

[[package]]
name = "ppft"
version = "1.7.7"

[[package]]
name = "python-dateutil"
version = "2.9.0.post0"

[[package]]
name = "requests"
version = "2.32.4"

[[package]]
name = "simplejson"
version = "3.20.1"

[[package]]
name = "six"
version = "1.17.0"

[[package]]
name = "types-deprecated"
version = "1.2.15.20250304"

[[package]]
name = "types-python-dateutil"
version = "2.9.0.20250708"

[[package]]
name = "types-requests"
version = "2.32.4.20250611"

[[package]]
name = "types-simplejson"
version = "3.17.3"

[[package]]
name = "types-urllib3"
version = "1.26.25.14"

[[package]]
name = "urllib3"
version = "2.5.0"

[[package]]
name = "wrapt"
version = "1.17.2"

